# This file is automatically @generated by Cargo.
# It is not intended for manual editing.
version = 3

[[package]]
name = "data_types"
version = "0.1.0"

[[package]]
name = "enums_and_pattern_matching"
version = "0.1.0"

[[package]]
name = "ownership"
version = "0.1.0"

[[package]]
name = "structs"
version = "0.1.0"
